
Microsoft Visual Studio Solution File, Format Version 12.00
# Visual Studio 15
VisualStudioVersion = 15.0.27428.2005
MinimumVisualStudioVersion = 10.0.40219.1
Project("{FAE04EC0-301F-11D3-BF4B-00C04F79EFBC}") = "LabEF.ConsoleApp", "LabEF.ConsoleApp\LabEF.ConsoleApp.csproj", "{21F21BD1-A34D-496C-9E0D-DF28747B112B}"
EndProject
Global
	GlobalSection(SolutionConfigurationPlatforms) = preSolution
		Debug|Any CPU = Debug|Any CPU
		Release|Any CPU = Release|Any CPU
	EndGlobalSection
	GlobalSection(ProjectConfigurationPlatforms) = postSolution
		{21F21BD1-A34D-496C-9E0D-DF28747B112B}.Debug|Any CPU.ActiveCfg = Debug|Any CPU
		{21F21BD1-A34D-496C-9E0D-DF28747B112B}.Debug|Any CPU.Build.0 = Debug|Any CPU
		{21F21BD1-A34D-496C-9E0D-DF28747B112B}.Release|Any CPU.ActiveCfg = Release|Any CPU
		{21F21BD1-A34D-496C-9E0D-DF28747B112B}.Release|Any CPU.Build.0 = Release|Any CPU
	EndGlobalSection
	GlobalSection(SolutionProperties) = preSolution
		HideSolutionNode = FALSE
	EndGlobalSection
	GlobalSection(ExtensibilityGlobals) = postSolution
		SolutionGuid = {DA77D921-597E-48E7-8535-8910D6DDD2B3}
	EndGlobalSection
EndGlobal
